
Microsoft Visual Studio Solution File, Format Version 12.00
# Visual Studio Version 16
VisualStudioVersion = 16.0.31624.102
MinimumVisualStudioVersion = 10.0.40219.1
Project("{2150E333-8FDC-42A3-9474-1A3956D46DE8}") = "CleanArch.Application", "CleanArch.Application", "{BDE3D718-0738-48FF-BFB7-2F0D6382EEAB}"
EndProject
Project("{2150E333-8FDC-42A3-9474-1A3956D46DE8}") = "CleanArch.Domain", "CleanArch.Domain", "{C2F0E3FD-62A1-4913-AFF1-E2E712FE0672}"
EndProject
Project("{2150E333-8FDC-42A3-9474-1A3956D46DE8}") = "CleanArch.Infrastructure.IoC", "CleanArch.Infrastructure.IoC", "{260EE327-BF2D-4256-AE2E-79A219204E12}"
EndProject
Project("{2150E333-8FDC-42A3-9474-1A3956D46DE8}") = "CleanArch.Infrastructure.Data", "CleanArch.Infrastructure.Data", "{70CA29E6-5A19-4898-B26C-129CAE550AA5}"
EndProject
Project("{2150E333-8FDC-42A3-9474-1A3956D46DE8}") = "CleanArch.UI.Mvc", "CleanArch.UI.Mvc", "{722A2877-968F-4DB0-9B1F-17C42CAAEA80}"
EndProject
Global
	GlobalSection(SolutionProperties) = preSolution
		HideSolutionNode = FALSE
	EndGlobalSection
	GlobalSection(ExtensibilityGlobals) = postSolution
		SolutionGuid = {C1AA751A-25F1-4B97-BB0B-6D2763ECC07D}
	EndGlobalSection
EndGlobal
