
Microsoft Visual Studio Solution File, Format Version 12.00
# Visual Studio Version 16
VisualStudioVersion = 16.0.31624.102
MinimumVisualStudioVersion = 10.0.40219.1
Project("{2150E333-8FDC-42A3-9474-1A3956D46DE8}") = "CleanArch.Application", "CleanArch.Application", "{BDE3D718-0738-48FF-BFB7-2F0D6382EEAB}"
EndProject
Project("{2150E333-8FDC-42A3-9474-1A3956D46DE8}") = "CleanArch.Domain", "CleanArch.Domain", "{C2F0E3FD-62A1-4913-AFF1-E2E712FE0672}"
EndProject
Project("{2150E333-8FDC-42A3-9474-1A3956D46DE8}") = "CleanArch.Infrastructure.IoC", "CleanArch.Infrastructure.IoC", "{260EE327-BF2D-4256-AE2E-79A219204E12}"
EndProject
Project("{2150E333-8FDC-42A3-9474-1A3956D46DE8}") = "CleanArch.Infrastructure.Data", "CleanArch.Infrastructure.Data", "{70CA29E6-5A19-4898-B26C-129CAE550AA5}"
EndProject
Project("{2150E333-8FDC-42A3-9474-1A3956D46DE8}") = "CleanArch.UI.Mvc", "CleanArch.UI.Mvc", "{722A2877-968F-4DB0-9B1F-17C42CAAEA80}"
EndProject
Project("{9A19103F-16F7-4668-BE54-9A1E7A4F7556}") = "CleanArch.Mvc", "CleanArch.Mvc\CleanArch.Mvc.csproj", "{C80A82A5-C13A-4D4F-B38D-50F00C8E4D14}"
EndProject
Project("{9A19103F-16F7-4668-BE54-9A1E7A4F7556}") = "CleanArch.Domain", "CleanArch.Domain\CleanArch.Domain.csproj", "{AF272502-1E95-4F0B-B1AF-98139FA7241B}"
EndProject
Project("{9A19103F-16F7-4668-BE54-9A1E7A4F7556}") = "CleanArch.Infrastracture.Data", "CleanArch.Infrastracture.Data\CleanArch.Infrastracture.Data.csproj", "{ED9213A9-EDF0-4242-8801-C7F34CD2ED40}"
EndProject
Project("{FAE04EC0-301F-11D3-BF4B-00C04F79EFBC}") = "CleanArch.Applicaiton", "CleanArch.Applicaiton\CleanArch.Applicaiton.csproj", "{739D4E34-9532-405B-8081-00E7988BEB50}"
EndProject
Project("{FAE04EC0-301F-11D3-BF4B-00C04F79EFBC}") = "CleanArch.Infrastructure.Ioc", "CleanArch.Infrastructure.Ioc\CleanArch.Infrastructure.Ioc.csproj", "{F4BE4D5B-A3F9-43B8-BC33-756D45E4C02F}"
EndProject
Global
	GlobalSection(SolutionConfigurationPlatforms) = preSolution
		Debug|Any CPU = Debug|Any CPU
		Release|Any CPU = Release|Any CPU
	EndGlobalSection
	GlobalSection(ProjectConfigurationPlatforms) = postSolution
		{C80A82A5-C13A-4D4F-B38D-50F00C8E4D14}.Debug|Any CPU.ActiveCfg = Debug|Any CPU
		{C80A82A5-C13A-4D4F-B38D-50F00C8E4D14}.Debug|Any CPU.Build.0 = Debug|Any CPU
		{C80A82A5-C13A-4D4F-B38D-50F00C8E4D14}.Release|Any CPU.ActiveCfg = Release|Any CPU
		{C80A82A5-C13A-4D4F-B38D-50F00C8E4D14}.Release|Any CPU.Build.0 = Release|Any CPU
		{AF272502-1E95-4F0B-B1AF-98139FA7241B}.Debug|Any CPU.ActiveCfg = Debug|Any CPU
		{AF272502-1E95-4F0B-B1AF-98139FA7241B}.Debug|Any CPU.Build.0 = Debug|Any CPU
		{AF272502-1E95-4F0B-B1AF-98139FA7241B}.Release|Any CPU.ActiveCfg = Release|Any CPU
		{AF272502-1E95-4F0B-B1AF-98139FA7241B}.Release|Any CPU.Build.0 = Release|Any CPU
		{ED9213A9-EDF0-4242-8801-C7F34CD2ED40}.Debug|Any CPU.ActiveCfg = Debug|Any CPU
		{ED9213A9-EDF0-4242-8801-C7F34CD2ED40}.Debug|Any CPU.Build.0 = Debug|Any CPU
		{ED9213A9-EDF0-4242-8801-C7F34CD2ED40}.Release|Any CPU.ActiveCfg = Release|Any CPU
		{ED9213A9-EDF0-4242-8801-C7F34CD2ED40}.Release|Any CPU.Build.0 = Release|Any CPU
		{739D4E34-9532-405B-8081-00E7988BEB50}.Debug|Any CPU.ActiveCfg = Debug|Any CPU
		{739D4E34-9532-405B-8081-00E7988BEB50}.Debug|Any CPU.Build.0 = Debug|Any CPU
		{739D4E34-9532-405B-8081-00E7988BEB50}.Release|Any CPU.ActiveCfg = Release|Any CPU
		{739D4E34-9532-405B-8081-00E7988BEB50}.Release|Any CPU.Build.0 = Release|Any CPU
		{F4BE4D5B-A3F9-43B8-BC33-756D45E4C02F}.Debug|Any CPU.ActiveCfg = Debug|Any CPU
		{F4BE4D5B-A3F9-43B8-BC33-756D45E4C02F}.Debug|Any CPU.Build.0 = Debug|Any CPU
		{F4BE4D5B-A3F9-43B8-BC33-756D45E4C02F}.Release|Any CPU.ActiveCfg = Release|Any CPU
		{F4BE4D5B-A3F9-43B8-BC33-756D45E4C02F}.Release|Any CPU.Build.0 = Release|Any CPU
	EndGlobalSection
	GlobalSection(SolutionProperties) = preSolution
		HideSolutionNode = FALSE
	EndGlobalSection
	GlobalSection(NestedProjects) = preSolution
		{C80A82A5-C13A-4D4F-B38D-50F00C8E4D14} = {722A2877-968F-4DB0-9B1F-17C42CAAEA80}
		{AF272502-1E95-4F0B-B1AF-98139FA7241B} = {C2F0E3FD-62A1-4913-AFF1-E2E712FE0672}
		{ED9213A9-EDF0-4242-8801-C7F34CD2ED40} = {70CA29E6-5A19-4898-B26C-129CAE550AA5}
		{739D4E34-9532-405B-8081-00E7988BEB50} = {BDE3D718-0738-48FF-BFB7-2F0D6382EEAB}
		{F4BE4D5B-A3F9-43B8-BC33-756D45E4C02F} = {260EE327-BF2D-4256-AE2E-79A219204E12}
	EndGlobalSection
	GlobalSection(ExtensibilityGlobals) = postSolution
		SolutionGuid = {C1AA751A-25F1-4B97-BB0B-6D2763ECC07D}
	EndGlobalSection
EndGlobal
